
Microsoft Visual Studio Solution File, Format Version 12.00
# Visual Studio Version 17
VisualStudioVersion = 17.6.33815.320
MinimumVisualStudioVersion = 10.0.40219.1
Project("{9A19103F-16F7-4668-BE54-9A1E7A4F7556}") = "Webserver", "Webserver.csproj", "{D69E311D-5A4A-42E4-A037-627A68541DAB}"
EndProject
Global
	GlobalSection(SolutionConfigurationPlatforms) = preSolution
		Debug|Any CPU = Debug|Any CPU
		Release|Any CPU = Release|Any CPU
	EndGlobalSection
	GlobalSection(ProjectConfigurationPlatforms) = postSolution
		{D69E311D-5A4A-42E4-A037-627A68541DAB}.Debug|Any CPU.ActiveCfg = Debug|Any CPU
		{D69E311D-5A4A-42E4-A037-627A68541DAB}.Debug|Any CPU.Build.0 = Debug|Any CPU
		{D69E311D-5A4A-42E4-A037-627A68541DAB}.Release|Any CPU.ActiveCfg = Release|Any CPU
		{D69E311D-5A4A-42E4-A037-627A68541DAB}.Release|Any CPU.Build.0 = Release|Any CPU
	EndGlobalSection
	GlobalSection(SolutionProperties) = preSolution
		HideSolutionNode = FALSE
	EndGlobalSection
	GlobalSection(ExtensibilityGlobals) = postSolution
		SolutionGuid = {7B82A9B8-4628-469F-93A0-76A63E9F8BDD}
	EndGlobalSection
EndGlobal
